
Microsoft Visual Studio Solution File, Format Version 12.00
# Visual Studio 2013
VisualStudioVersion = 12.0.21005.1
MinimumVisualStudioVersion = 10.0.40219.1
Project("{8BC9CEB8-8B4A-11D0-8D11-00A0C91BC942}") = "03_HPF_1D", "03_HPF_1D\03_HPF_1D.vcxproj", "{DE1F9670-4BB4-40A9-8BB4-6E5784F2CB2C}"
EndProject
Global
	GlobalSection(SolutionConfigurationPlatforms) = preSolution
		Debug|Win32 = Debug|Win32
		Release|Win32 = Release|Win32
	EndGlobalSection
	GlobalSection(ProjectConfigurationPlatforms) = postSolution
		{DE1F9670-4BB4-40A9-8BB4-6E5784F2CB2C}.Debug|Win32.ActiveCfg = Debug|Win32
		{DE1F9670-4BB4-40A9-8BB4-6E5784F2CB2C}.Debug|Win32.Build.0 = Debug|Win32
		{DE1F9670-4BB4-40A9-8BB4-6E5784F2CB2C}.Release|Win32.ActiveCfg = Release|Win32
		{DE1F9670-4BB4-40A9-8BB4-6E5784F2CB2C}.Release|Win32.Build.0 = Release|Win32
	EndGlobalSection
	GlobalSection(SolutionProperties) = preSolution
		HideSolutionNode = FALSE
	EndGlobalSection
EndGlobal
